Microsoft Visual Studio Solution File, Format Version 11.00
# Visual Studio 2010
Project("{0A5C2881-33ED-481A-AD0F-4386FAF2991A}") = "entity-component-system", ".dub/entity-component-system.visualdproj", "{7604021A-8870-4F5B-8D50-55AE1E776865}"
EndProject
Global
	GlobalSection(SolutionConfigurationPlatforms) = preSolution
		debug|Win32 = debug|Win32
	EndGlobalSection
	GlobalSection(ProjectConfigurationPlatforms) = postSolution
		{7604021A-8870-4F5B-8D50-55AE1E776865}.debug|Win32.ActiveCfg = debug|Win32
		{7604021A-8870-4F5B-8D50-55AE1E776865}.debug|Win32.Build.0 = debug|Win32
	EndGlobalSection
	GlobalSection(SolutionProperties) = preSolution
		HideSolutionNode = FALSE
	EndGlobalSection
EndGlobal
